
Microsoft Visual Studio Solution File, Format Version 12.00
# Visual Studio 15
Project("{FAE04EC0-301F-11D3-BF4B-00C04F79EFBC}") = "Assembly-CSharp", "Assembly-CSharp.csproj", "{CF2FDDF8-9762-DC9A-8CDC-9C339A36E929}"
EndProject
Global
	GlobalSection(SolutionConfigurationPlatforms) = preSolution
		Debug|Any CPU = Debug|Any CPU
		Release|Any CPU = Release|Any CPU
	EndGlobalSection
	GlobalSection(ProjectConfigurationPlatforms) = postSolution
		{CF2FDDF8-9762-DC9A-8CDC-9C339A36E929}.Debug|Any CPU.ActiveCfg = Debug|Any CPU
		{CF2FDDF8-9762-DC9A-8CDC-9C339A36E929}.Debug|Any CPU.Build.0 = Debug|Any CPU
		{CF2FDDF8-9762-DC9A-8CDC-9C339A36E929}.Release|Any CPU.ActiveCfg = Release|Any CPU
		{CF2FDDF8-9762-DC9A-8CDC-9C339A36E929}.Release|Any CPU.Build.0 = Release|Any CPU
	EndGlobalSection
	GlobalSection(SolutionProperties) = preSolution
		HideSolutionNode = FALSE
	EndGlobalSection
EndGlobal
